// !$*UTF8*$!
{
	archiveVersion = 1;
	classes = {
	};
	objectVersion = 55;
	objects = {

/* Begin PBXBuildFile section */
		8F1204D1273A8763002C6D3B /* AppDelegate.swift in Sources */ = {isa = PBXBuildFile; fileRef = 8F1204D0273A8763002C6D3B /* AppDelegate.swift */; };
		8F1204D3273A8763002C6D3B /* SceneDelegate.swift in Sources */ = {isa = PBXBuildFile; fileRef = 8F1204D2273A8763002C6D3B /* SceneDelegate.swift */; };
		8F1204D5273A8763002C6D3B /* ViewController.swift in Sources */ = {isa = PBXBuildFile; fileRef = 8F1204D4273A8763002C6D3B /* ViewController.swift */; };
		8F1204D8273A8763002C6D3B /* Main.storyboard in Resources */ = {isa = PBXBuildFile; fileRef = 8F1204D6273A8763002C6D3B /* Main.storyboard */; };
		8F1204DA273A8763002C6D3B /* Assets.xcassets in Resources */ = {isa = PBXBuildFile; fileRef = 8F1204D9273A8763002C6D3B /* Assets.xcassets */; };
		8F1204DD273A8763002C6D3B /* LaunchScreen.storyboard in Resources */ = {isa = PBXBuildFile; fileRef = 8F1204DB273A8763002C6D3B /* LaunchScreen.storyboard */; };
		8F1204E6273A87EC002C6D3B /* XIBTableViewCell.swift in Sources */ = {isa = PBXBuildFile; fileRef = 8F1204E4273A87EC002C6D3B /* XIBTableViewCell.swift */; };
		8F1204E7273A87EC002C6D3B /* XIBTableViewCell.xib in Resources */ = {isa = PBXBuildFile; fileRef = 8F1204E5273A87EC002C6D3B /* XIBTableViewCell.xib */; };
/* End PBXBuildFile section */

/* Begin PBXFileReference section */
		8F1204CD273A8763002C6D3B /* TabelView_XIB_NIB.app */ = {isa = PBXFileReference; explicitFileType = wrapper.application; includeInIndex = 0; path = TabelView_XIB_NIB.app; sourceTree = BUILT_PRODUCTS_DIR; };
		8F1204D0273A8763002C6D3B /* AppDelegate.swift */ = {isa = PBXFileReference; lastKnownFileType = sourcecode.swift; path = AppDelegate.swift; sourceTree = "<group>"; };
		8F1204D2273A8763002C6D3B /* SceneDelegate.swift */ = {isa = PBXFileReference; lastKnownFileType = sourcecode.swift; path = SceneDelegate.swift; sourceTree = "<group>"; };
		8F1204D4273A8763002C6D3B /* ViewController.swift */ = {isa = PBXFileReference; lastKnownFileType = sourcecode.swift; path = ViewController.swift; sourceTree = "<group>"; };
		8F1204D7273A8763002C6D3B /* Base */ = {isa = PBXFileReference; lastKnownFileType = file.storyboard; name = Base; path = Base.lproj/Main.storyboard; sourceTree = "<group>"; };
		8F1204D9273A8763002C6D3B /* Assets.xcassets */ = {isa = PBXFileReference; lastKnownFileType = folder.assetcatalog; path = Assets.xcassets; sourceTree = "<group>"; };
		8F1204DC273A8763002C6D3B /* Base */ = {isa = PBXFileReference; lastKnownFileType = file.storyboard; name = Base; path = Base.lproj/LaunchScreen.storyboard; sourceTree = "<group>"; };
		8F1204DE273A8763002C6D3B /* Info.plist */ = {isa = PBXFileReference; lastKnownFileType = text.plist.xml; path = Info.plist; sourceTree = "<group>"; };
		8F1204E4273A87EC002C6D3B /* XIBTableViewCell.swift */ = {isa = PBXFileReference; lastKnownFileType = sourcecode.swift; path = XIBTableViewCell.swift; sourceTree = "<group>"; };
		8F1204E5273A87EC002C6D3B /* XIBTableViewCell.xib */ = {isa = PBXFileReference; lastKnownFileType = file.xib; path = XIBTableViewCell.xib; sourceTree = "<group>"; };
/* End PBXFileReference section */

/* Begin PBXFrameworksBuildPhase section */
		8F1204CA273A8763002C6D3B /* Frameworks */ = {
			isa = PBXFrameworksBuildPhase;
			buildActionMask = 2147483647;
			files = (
			);
			runOnlyForDeploymentPostprocessing = 0;
		};
/* End PBXFrameworksBuildPhase section */

/* Begin PBXGroup section */
		8F1204C4273A8763002C6D3B = {
			isa = PBXGroup;
			children = (
				8F1204CF273A8763002C6D3B /* TabelView_XIB_NIB */,
				8F1204CE273A8763002C6D3B /* Products */,
			);
			sourceTree = "<group>";
		};
		8F1204CE273A8763002C6D3B /* Products */ = {
			isa = PBXGroup;
			children = (
				8F1204CD273A8763002C6D3B /* TabelView_XIB_NIB.app */,
			);
			name = Products;
			sourceTree = "<group>";
		};
		8F1204CF273A8763002C6D3B /* TabelView_XIB_NIB */ = {
			isa = PBXGroup;
			children = (
				8F1204D0273A8763002C6D3B /* AppDelegate.swift */,
				8F1204D2273A8763002C6D3B /* SceneDelegate.swift */,
				8F1204D4273A8763002C6D3B /* ViewController.swift */,
				8F1204D6273A8763002C6D3B /* Main.storyboard */,
				8F1204D9273A8763002C6D3B /* Assets.xcassets */,
				8F1204DB273A8763002C6D3B /* LaunchScreen.storyboard */,
				8F1204DE273A8763002C6D3B /* Info.plist */,
				8F1204E4273A87EC002C6D3B /* XIBTableViewCell.swift */,
				8F1204E5273A87EC002C6D3B /* XIBTableViewCell.xib */,
			);
			path = TabelView_XIB_NIB;
			sourceTree = "<group>";
		};
/* End PBXGroup section */

/* Begin PBXNativeTarget section */
		8F1204CC273A8763002C6D3B /* TabelView_XIB_NIB */ = {
			isa = PBXNativeTarget;
			buildConfigurationList = 8F1204E1273A8763002C6D3B /* Build configuration list for PBXNativeTarget "TabelView_XIB_NIB" */;
			buildPhases = (
				8F1204C9273A8763002C6D3B /* Sources */,
				8F1204CA273A8763002C6D3B /* Frameworks */,
				8F1204CB273A8763002C6D3B /* Resources */,
			);
			buildRules = (
			);
			dependencies = (
			);
			name = TabelView_XIB_NIB;
			productName = TabelView_XIB_NIB;
			productReference = 8F1204CD273A8763002C6D3B /* TabelView_XIB_NIB.app */;
			productType = "com.apple.product-type.application";
		};
/* End PBXNativeTarget section */

/* Begin PBXProject section */
		8F1204C5273A8763002C6D3B /* Project object */ = {
			isa = PBXProject;
			attributes = {
				BuildIndependentTargetsInParallel = 1;
				LastSwiftUpdateCheck = 1300;
				LastUpgradeCheck = 1300;
				TargetAttributes = {
					8F1204CC273A8763002C6D3B = {
						CreatedOnToolsVersion = 13.0;
					};
				};
			};
			buildConfigurationList = 8F1204C8273A8763002C6D3B /* Build configuration list for PBXProject "TabelView_XIB_NIB" */;
			compatibilityVersion = "Xcode 13.0";
			developmentRegion = en;
			hasScannedForEncodings = 0;
			knownRegions = (
				en,
				Base,
			);
			mainGroup = 8F1204C4273A8763002C6D3B;
			productRefGroup = 8F1204CE273A8763002C6D3B /* Products */;
			projectDirPath = "";
			projectRoot = "";
			targets = (
				8F1204CC273A8763002C6D3B /* TabelView_XIB_NIB */,
			);
		};
/* End PBXProject section */

/* Begin PBXResourcesBuildPhase section */
		8F1204CB273A8763002C6D3B /* Resources */ = {
			isa = PBXResourcesBuildPhase;
			buildActionMask = 2147483647;
			files = (
				8F1204DD273A8763002C6D3B /* LaunchScreen.storyboard in Resources */,
				8F1204DA273A8763002C6D3B /* Assets.xcassets in Resources */,
				8F1204D8273A8763002C6D3B /* Main.storyboard in Resources */,
				8F1204E7273A87EC002C6D3B /* XIBTableViewCell.xib in Resources */,
			);
			runOnlyForDeploymentPostprocessing = 0;
		};
/* End PBXResourcesBuildPhase section */

/* Begin PBXSourcesBuildPhase section */
		8F1204C9273A8763002C6D3B /* Sources */ = {
			isa = PBXSourcesBuildPhase;
			buildActionMask = 2147483647;
			files = (
				8F1204D5273A8763002C6D3B /* ViewController.swift in Sources */,
				8F1204D1273A8763002C6D3B /* AppDelegate.swift in Sources */,
				8F1204D3273A8763002C6D3B /* SceneDelegate.swift in Sources */,
				8F1204E6273A87EC002C6D3B /* XIBTableViewCell.swift in Sources */,
			);
			runOnlyForDeploymentPostprocessing = 0;
		};
/* End PBXSourcesBuildPhase section */

/* Begin PBXVariantGroup section */
		8F1204D6273A8763002C6D3B /* Main.storyboard */ = {
			isa = PBXVariantGroup;
			children = (
				8F1204D7273A8763002C6D3B /* Base */,
			);
			name = Main.storyboard;
			sourceTree = "<group>";
		};
		8F1204DB273A8763002C6D3B /* LaunchScreen.storyboard */ = {
			isa = PBXVariantGroup;
			children = (
				8F1204DC273A8763002C6D3B /* Base */,
			);
			name = LaunchScreen.storyboard;
			sourceTree = "<group>";
		};
/* End PBXVariantGroup section */

/* Begin XCBuildConfiguration section */
		8F1204DF273A8763002C6D3B /* Debug */ = {
			isa = XCBuildConfiguration;
			buildSettings = {
				ALWAYS_SEARCH_USER_PATHS = NO;
				CLANG_ANALYZER_NONNULL = YES;
				CLANG_ANALYZER_NUMBER_OBJECT_CONVERSION = YES_AGGRESSIVE;
				CLANG_CXX_LANGUAGE_STANDARD = "gnu++17";
				CLANG_CXX_LIBRARY = "libc++";
				CLANG_ENABLE_MODULES = YES;
				CLANG_ENABLE_OBJC_ARC = YES;
				CLANG_ENABLE_OBJC_WEAK = YES;
				CLANG_WARN_BLOCK_CAPTURE_AUTORELEASING = YES;
				CLANG_WARN_BOOL_CONVERSION = YES;
				CLANG_WARN_COMMA = YES;
				CLANG_WARN_CONSTANT_CONVERSION = YES;
				CLANG_WARN_DEPRECATED_OBJC_IMPLEMENTATIONS = YES;
				CLANG_WARN_DIRECT_OBJC_ISA_USAGE = YES_ERROR;
				CLANG_WARN_DOCUMENTATION_COMMENTS = YES;
				CLANG_WARN_EMPTY_BODY = YES;
				CLANG_WARN_ENUM_CONVERSION = YES;
				CLANG_WARN_INFINITE_RECURSION = YES;
				CLANG_WARN_INT_CONVERSION = YES;
				CLANG_WARN_NON_LITERAL_NULL_CONVERSION = YES;
				CLANG_WARN_OBJC_IMPLICIT_RETAIN_SELF = YES;
				CLANG_WARN_OBJC_LITERAL_CONVERSION = YES;
				CLANG_WARN_OBJC_ROOT_CLASS = YES_ERROR;
				CLANG_WARN_QUOTED_INCLUDE_IN_FRAMEWORK_HEADER = YES;
				CLANG_WARN_RANGE_LOOP_ANALYSIS = YES;
				CLANG_WARN_STRICT_PROTOTYPES = YES;
				CLANG_WARN_SUSPICIOUS_MOVE = YES;
				CLANG_WARN_UNGUARDED_AVAILABILITY = YES_AGGRESSIVE;
				CLANG_WARN_UNREACHABLE_CODE = YES;
				CLANG_WARN__DUPLICATE_METHOD_MATCH = YES;
				COPY_PHASE_STRIP = NO;
				DEBUG_INFORMATION_FORMAT = dwarf;
				ENABLE_STRICT_OBJC_MSGSEND = YES;
				ENABLE_TESTABILITY = YES;
				GCC_C_LANGUAGE_STANDARD = gnu11;
				GCC_DYNAMIC_NO_PIC = NO;
				GCC_NO_COMMON_BLOCKS = YES;
				GCC_OPTIMIZATION_LEVEL = 0;
				GCC_PREPROCESSOR_DEFINITIONS = (
					"DEBUG=1",
					"$(inherited)",
				);
				GCC_WARN_64_TO_32_BIT_CONVERSION = YES;
				GCC_WARN_ABOUT_RETURN_TYPE = YES_ERROR;
				GCC_WARN_UNDECLARED_SELECTOR = YES;
				GCC_WARN_UNINITIALIZED_AUTOS = YES_AGGRESSIVE;
				GCC_WARN_UNUSED_FUNCTION = YES;
				GCC_WARN_UNUSED_VARIABLE = YES;
				IPHONEOS_DEPLOYMENT_TARGET = 15.0;
				MTL_ENABLE_DEBUG_INFO = INCLUDE_SOURCE;
				MTL_FAST_MATH = YES;
				ONLY_ACTIVE_ARCH = YES;
				SDKROOT = iphoneos;
				SWIFT_ACTIVE_COMPILATION_CONDITIONS = DEBUG;
				SWIFT_OPTIMIZATION_LEVEL = "-Onone";
			};
			name = Debug;
		};
		8F1204E0273A8763002C6D3B /* Release */ = {
			isa = XCBuildConfiguration;
			buildSettings = {
				ALWAYS_SEARCH_USER_PATHS = NO;
				CLANG_ANALYZER_NONNULL = YES;
				CLANG_ANALYZER_NUMBER_OBJECT_CONVERSION = YES_AGGRESSIVE;
				CLANG_CXX_LANGUAGE_STANDARD = "gnu++17";
				CLANG_CXX_LIBRARY = "libc++";
				CLANG_ENABLE_MODULES = YES;
				CLANG_ENABLE_OBJC_ARC = YES;
				CLANG_ENABLE_OBJC_WEAK = YES;
				CLANG_WARN_BLOCK_CAPTURE_AUTORELEASING = YES;
				CLANG_WARN_BOOL_CONVERSION = YES;
				CLANG_WARN_COMMA = YES;
				CLANG_WARN_CONSTANT_CONVERSION = YES;
				CLANG_WARN_DEPRECATED_OBJC_IMPLEMENTATIONS = YES;
				CLANG_WARN_DIRECT_OBJC_ISA_USAGE = YES_ERROR;
				CLANG_WARN_DOCUMENTATION_COMMENTS = YES;
				CLANG_WARN_EMPTY_BODY = YES;
				CLANG_WARN_ENUM_CONVERSION = YES;
				CLANG_WARN_INFINITE_RECURSION = YES;
				CLANG_WARN_INT_CONVERSION = YES;
				CLANG_WARN_NON_LITERAL_NULL_CONVERSION = YES;
				CLANG_WARN_OBJC_IMPLICIT_RETAIN_SELF = YES;
				CLANG_WARN_OBJC_LITERAL_CONVERSION = YES;
				CLANG_WARN_OBJC_ROOT_CLASS = YES_ERROR;
				CLANG_WARN_QUOTED_INCLUDE_IN_FRAMEWORK_HEADER = YES;
				CLANG_WARN_RANGE_LOOP_ANALYSIS = YES;
				CLANG_WARN_STRICT_PROTOTYPES = YES;
				CLANG_WARN_SUSPICIOUS_MOVE = YES;
				CLANG_WARN_UNGUARDED_AVAILABILITY = YES_AGGRESSIVE;
				CLANG_WARN_UNREACHABLE_CODE = YES;
				CLANG_WARN__DUPLICATE_METHOD_MATCH = YES;
				COPY_PHASE_STRIP = NO;
				DEBUG_INFORMATION_FORMAT = "dwarf-with-dsym";
				ENABLE_NS_ASSERTIONS = NO;
				ENABLE_STRICT_OBJC_MSGSEND = YES;
				GCC_C_LANGUAGE_STANDARD = gnu11;
				GCC_NO_COMMON_BLOCKS = YES;
				GCC_WARN_64_TO_32_BIT_CONVERSION = YES;
				GCC_WARN_ABOUT_RETURN_TYPE = YES_ERROR;
				GCC_WARN_UNDECLARED_SELECTOR = YES;
				GCC_WARN_UNINITIALIZED_AUTOS = YES_AGGRESSIVE;
				GCC_WARN_UNUSED_FUNCTION = YES;
				GCC_WARN_UNUSED_VARIABLE = YES;
				IPHONEOS_DEPLOYMENT_TARGET = 15.0;
				MTL_ENABLE_DEBUG_INFO = NO;
				MTL_FAST_MATH = YES;
				SDKROOT = iphoneos;
				SWIFT_COMPILATION_MODE = wholemodule;
				SWIFT_OPTIMIZATION_LEVEL = "-O";
				VALIDATE_PRODUCT = YES;
			};
			name = Release;
		};
		8F1204E2273A8763002C6D3B /* Debug */ = {
			isa = XCBuildConfiguration;
			buildSettings = {
				ASSETCATALOG_COMPILER_APPICON_NAME = AppIcon;
				ASSETCATALOG_COMPILER_GLOBAL_ACCENT_COLOR_NAME = AccentColor;
				CODE_SIGN_STYLE = Automatic;
				CURRENT_PROJECT_VERSION = 1;
				DEVELOPMENT_TEAM = 7Y47CW34BF;
				GENERATE_INFOPLIST_FILE = YES;
				INFOPLIST_FILE = TabelView_XIB_NIB/Info.plist;
				INFOPLIST_KEY_UIApplicationSupportsIndirectInputEvents = YES;
				INFOPLIST_KEY_UILaunchStoryboardName = LaunchScreen;
				INFOPLIST_KEY_UIMainStoryboardFile = Main;
				INFOPLIST_KEY_UISupportedInterfaceOrientations_iPad = "UIInterfaceOrientationPortrait UIInterfaceOrientationPortraitUpsideDown UIInterfaceOrientationLandscapeLeft UIInterfaceOrientationLandscapeRight";
				INFOPLIST_KEY_UISupportedInterfaceOrientations_iPhone = "UIInterfaceOrientationPortrait UIInterfaceOrientationLandscapeLeft UIInterfaceOrientationLandscapeRight";
				IPHONEOS_DEPLOYMENT_TARGET = 13.0;
				LD_RUNPATH_SEARCH_PATHS = (
					"$(inherited)",
					"@executable_path/Frameworks",
				);
				MARKETING_VERSION = 1.0;
				PRODUCT_BUNDLE_IDENTIFIER = "com.uveshimam.practice.TabelView-XIB-NIB";
				PRODUCT_NAME = "$(TARGET_NAME)";
				SWIFT_EMIT_LOC_STRINGS = YES;
				SWIFT_VERSION = 5.0;
				TARGETED_DEVICE_FAMILY = "1,2";
			};
			name = Debug;
		};
		8F1204E3273A8763002C6D3B /* Release */ = {
			isa = XCBuildConfiguration;
			buildSettings = {
				ASSETCATALOG_COMPILER_APPICON_NAME = AppIcon;
				ASSETCATALOG_COMPILER_GLOBAL_ACCENT_COLOR_NAME = AccentColor;
				CODE_SIGN_STYLE = Automatic;
				CURRENT_PROJECT_VERSION = 1;
				DEVELOPMENT_TEAM = 7Y47CW34BF;
				GENERATE_INFOPLIST_FILE = YES;
				INFOPLIST_FILE = TabelView_XIB_NIB/Info.plist;
				INFOPLIST_KEY_UIApplicationSupportsIndirectInputEvents = YES;
				INFOPLIST_KEY_UILaunchStoryboardName = LaunchScreen;
				INFOPLIST_KEY_UIMainStoryboardFile = Main;
				INFOPLIST_KEY_UISupportedInterfaceOrientations_iPad = "UIInterfaceOrientationPortrait UIInterfaceOrientationPortraitUpsideDown UIInterfaceOrientationLandscapeLeft UIInterfaceOrientationLandscapeRight";
				INFOPLIST_KEY_UISupportedInterfaceOrientations_iPhone = "UIInterfaceOrientationPortrait UIInterfaceOrientationLandscapeLeft UIInterfaceOrientationLandscapeRight";
				IPHONEOS_DEPLOYMENT_TARGET = 13.0;
				LD_RUNPATH_SEARCH_PATHS = (
					"$(inherited)",
					"@executable_path/Frameworks",
				);
				MARKETING_VERSION = 1.0;
				PRODUCT_BUNDLE_IDENTIFIER = "com.uveshimam.practice.TabelView-XIB-NIB";
				PRODUCT_NAME = "$(TARGET_NAME)";
				SWIFT_EMIT_LOC_STRINGS = YES;
				SWIFT_VERSION = 5.0;
				TARGETED_DEVICE_FAMILY = "1,2";
			};
			name = Release;
		};
/* End XCBuildConfiguration section */

/* Begin XCConfigurationList section */
		8F1204C8273A8763002C6D3B /* Build configuration list for PBXProject "TabelView_XIB_NIB" */ = {
			isa = XCConfigurationList;
			buildConfigurations = (
				8F1204DF273A8763002C6D3B /* Debug */,
				8F1204E0273A8763002C6D3B /* Release */,
			);
			defaultConfigurationIsVisible = 0;
			defaultConfigurationName = Release;
		};
		8F1204E1273A8763002C6D3B /* Build configuration list for PBXNativeTarget "TabelView_XIB_NIB" */ = {
			isa = XCConfigurationList;
			buildConfigurations = (
				8F1204E2273A8763002C6D3B /* Debug */,
				8F1204E3273A8763002C6D3B /* Release */,
			);
			defaultConfigurationIsVisible = 0;
			defaultConfigurationName = Release;
		};
/* End XCConfigurationList section */
	};
	rootObject = 8F1204C5273A8763002C6D3B /* Project object */;
}
